// !$*UTF8*$!
{
	archiveVersion = 1;
	classes = {
	};
	objectVersion = 52;
	objects = {

/* Begin PBXBuildFile section */
		9503A4DC240E4FBE008AE9AB /* ImageTests.swift in Sources */ = {isa = PBXBuildFile; fileRef = 9503A4DB240E4FBE008AE9AB /* ImageTests.swift */; };
		9503A4DE240E52A6008AE9AB /* API.swift in Sources */ = {isa = PBXBuildFile; fileRef = 9503A4DD240E52A6008AE9AB /* API.swift */; };
		9503A4E1240E52D6008AE9AB /* DataProvider.swift in Sources */ = {isa = PBXBuildFile; fileRef = 9503A4E0240E52D6008AE9AB /* DataProvider.swift */; };
		9503A4E4240E542A008AE9AB /* HTTPStatusCodes in Frameworks */ = {isa = PBXBuildFile; productRef = 9503A4E3240E542A008AE9AB /* HTTPStatusCodes */; };
		9503A4E6240E57A7008AE9AB /* SearchResults.swift in Sources */ = {isa = PBXBuildFile; fileRef = 9503A4E5240E57A7008AE9AB /* SearchResults.swift */; };
		957703C7240DB0D100DD25EF /* Album.swift in Sources */ = {isa = PBXBuildFile; fileRef = 957703C6240DB0D100DD25EF /* Album.swift */; };
		957703CC240DB19C00DD25EF /* Lastfm.swift in Sources */ = {isa = PBXBuildFile; fileRef = 957703CB240DB19C00DD25EF /* Lastfm.swift */; };
		95A73A56240F61F6001BA738 /* JSONDecoder+Parsing.swift in Sources */ = {isa = PBXBuildFile; fileRef = 95A73A55240F61F6001BA738 /* JSONDecoder+Parsing.swift */; };
		95A73A58240F66EF001BA738 /* Artist.swift in Sources */ = {isa = PBXBuildFile; fileRef = 95A73A57240F66EF001BA738 /* Artist.swift */; };
		95A73A5B240F677C001BA738 /* SearchType.swift in Sources */ = {isa = PBXBuildFile; fileRef = 95A73A5A240F677C001BA738 /* SearchType.swift */; };
		95A73A5D240F68D0001BA738 /* Track.swift in Sources */ = {isa = PBXBuildFile; fileRef = 95A73A5C240F68D0001BA738 /* Track.swift */; };
		95A73A5F240F6A88001BA738 /* SearchTypeTests.swift in Sources */ = {isa = PBXBuildFile; fileRef = 95A73A5E240F6A88001BA738 /* SearchTypeTests.swift */; };
		95A73A61240F6D48001BA738 /* ArtistTests.swift in Sources */ = {isa = PBXBuildFile; fileRef = 95A73A60240F6D48001BA738 /* ArtistTests.swift */; };
		95A73A63240F70DB001BA738 /* TrackTests.swift in Sources */ = {isa = PBXBuildFile; fileRef = 95A73A62240F70DB001BA738 /* TrackTests.swift */; };
		95A73A6A240FEA2F001BA738 /* SearchViewController.swift in Sources */ = {isa = PBXBuildFile; fileRef = 95A73A69240FEA2F001BA738 /* SearchViewController.swift */; };
		95A73A6E240FEB5F001BA738 /* Main.storyboard in Resources */ = {isa = PBXBuildFile; fileRef = 95A73A6D240FEB5F001BA738 /* Main.storyboard */; };
		95A73A72240FF4EF001BA738 /* SearchViewModel.swift in Sources */ = {isa = PBXBuildFile; fileRef = 95A73A71240FF4EF001BA738 /* SearchViewModel.swift */; };
		95A73A74240FFBB2001BA738 /* HTTPDataProvider.swift in Sources */ = {isa = PBXBuildFile; fileRef = 95A73A73240FFBB2001BA738 /* HTTPDataProvider.swift */; };
		95B61AFB240DB1F30031F222 /* Image.swift in Sources */ = {isa = PBXBuildFile; fileRef = 95B61AFA240DB1F30031F222 /* Image.swift */; };
		95D9808D240F5BAE00E28373 /* SearchResultsTests.swift in Sources */ = {isa = PBXBuildFile; fileRef = 95D9808C240F5BAE00E28373 /* SearchResultsTests.swift */; };
		95D9808F240F5C5D00E28373 /* AlbumSearchResults.json in Resources */ = {isa = PBXBuildFile; fileRef = 95D9808E240F5C5D00E28373 /* AlbumSearchResults.json */; };
		95D98091240F5C9D00E28373 /* Bundle+Testing.swift in Sources */ = {isa = PBXBuildFile; fileRef = 95D98090240F5C9D00E28373 /* Bundle+Testing.swift */; };
		95DA3FD8240DA437006073BE /* AppDelegate.swift in Sources */ = {isa = PBXBuildFile; fileRef = 95DA3FD7240DA437006073BE /* AppDelegate.swift */; };
		95DA3FDA240DA437006073BE /* SceneDelegate.swift in Sources */ = {isa = PBXBuildFile; fileRef = 95DA3FD9240DA437006073BE /* SceneDelegate.swift */; };
		95DA3FDE240DA43A006073BE /* Assets.xcassets in Resources */ = {isa = PBXBuildFile; fileRef = 95DA3FDD240DA43A006073BE /* Assets.xcassets */; };
		95DA3FE1240DA43A006073BE /* Preview Assets.xcassets in Resources */ = {isa = PBXBuildFile; fileRef = 95DA3FE0240DA43A006073BE /* Preview Assets.xcassets */; };
		95DA3FE4240DA43A006073BE /* LaunchScreen.storyboard in Resources */ = {isa = PBXBuildFile; fileRef = 95DA3FE2240DA43A006073BE /* LaunchScreen.storyboard */; };
		95DA3FFA240DA43A006073BE /* SearchfmUITests.swift in Sources */ = {isa = PBXBuildFile; fileRef = 95DA3FF9240DA43A006073BE /* SearchfmUITests.swift */; };
		95F6BF95240DB43500B7FCEF /* AlbumTests.swift in Sources */ = {isa = PBXBuildFile; fileRef = 95F6BF94240DB43500B7FCEF /* AlbumTests.swift */; };
/* End PBXBuildFile section */

/* Begin PBXContainerItemProxy section */
		95DA3FEB240DA43A006073BE /* PBXContainerItemProxy */ = {
			isa = PBXContainerItemProxy;
			containerPortal = 95DA3FCC240DA437006073BE /* Project object */;
			proxyType = 1;
			remoteGlobalIDString = 95DA3FD3240DA437006073BE;
			remoteInfo = Searchfm;
		};
		95DA3FF6240DA43A006073BE /* PBXContainerItemProxy */ = {
			isa = PBXContainerItemProxy;
			containerPortal = 95DA3FCC240DA437006073BE /* Project object */;
			proxyType = 1;
			remoteGlobalIDString = 95DA3FD3240DA437006073BE;
			remoteInfo = Searchfm;
		};
/* End PBXContainerItemProxy section */

/* Begin PBXFileReference section */
		9503A4DB240E4FBE008AE9AB /* ImageTests.swift */ = {isa = PBXFileReference; lastKnownFileType = sourcecode.swift; path = ImageTests.swift; sourceTree = "<group>"; };
		9503A4DD240E52A6008AE9AB /* API.swift */ = {isa = PBXFileReference; lastKnownFileType = sourcecode.swift; path = API.swift; sourceTree = "<group>"; };
		9503A4E0240E52D6008AE9AB /* DataProvider.swift */ = {isa = PBXFileReference; lastKnownFileType = sourcecode.swift; path = DataProvider.swift; sourceTree = "<group>"; };
		9503A4E5240E57A7008AE9AB /* SearchResults.swift */ = {isa = PBXFileReference; lastKnownFileType = sourcecode.swift; path = SearchResults.swift; sourceTree = "<group>"; };
		957703C6240DB0D100DD25EF /* Album.swift */ = {isa = PBXFileReference; lastKnownFileType = sourcecode.swift; path = Album.swift; sourceTree = "<group>"; };
		957703CB240DB19C00DD25EF /* Lastfm.swift */ = {isa = PBXFileReference; lastKnownFileType = sourcecode.swift; path = Lastfm.swift; sourceTree = "<group>"; };
		95A73A55240F61F6001BA738 /* JSONDecoder+Parsing.swift */ = {isa = PBXFileReference; lastKnownFileType = sourcecode.swift; path = "JSONDecoder+Parsing.swift"; sourceTree = "<group>"; };
		95A73A57240F66EF001BA738 /* Artist.swift */ = {isa = PBXFileReference; lastKnownFileType = sourcecode.swift; path = Artist.swift; sourceTree = "<group>"; };
		95A73A5A240F677C001BA738 /* SearchType.swift */ = {isa = PBXFileReference; lastKnownFileType = sourcecode.swift; path = SearchType.swift; sourceTree = "<group>"; };
		95A73A5C240F68D0001BA738 /* Track.swift */ = {isa = PBXFileReference; lastKnownFileType = sourcecode.swift; path = Track.swift; sourceTree = "<group>"; };
		95A73A5E240F6A88001BA738 /* SearchTypeTests.swift */ = {isa = PBXFileReference; lastKnownFileType = sourcecode.swift; path = SearchTypeTests.swift; sourceTree = "<group>"; };
		95A73A60240F6D48001BA738 /* ArtistTests.swift */ = {isa = PBXFileReference; lastKnownFileType = sourcecode.swift; path = ArtistTests.swift; sourceTree = "<group>"; };
		95A73A62240F70DB001BA738 /* TrackTests.swift */ = {isa = PBXFileReference; lastKnownFileType = sourcecode.swift; path = TrackTests.swift; sourceTree = "<group>"; };
		95A73A69240FEA2F001BA738 /* SearchViewController.swift */ = {isa = PBXFileReference; lastKnownFileType = sourcecode.swift; path = SearchViewController.swift; sourceTree = "<group>"; };
		95A73A6D240FEB5F001BA738 /* Main.storyboard */ = {isa = PBXFileReference; lastKnownFileType = file.storyboard; path = Main.storyboard; sourceTree = "<group>"; };
		95A73A71240FF4EF001BA738 /* SearchViewModel.swift */ = {isa = PBXFileReference; lastKnownFileType = sourcecode.swift; path = SearchViewModel.swift; sourceTree = "<group>"; };
		95A73A73240FFBB2001BA738 /* HTTPDataProvider.swift */ = {isa = PBXFileReference; lastKnownFileType = sourcecode.swift; path = HTTPDataProvider.swift; sourceTree = "<group>"; };
		95B61AFA240DB1F30031F222 /* Image.swift */ = {isa = PBXFileReference; lastKnownFileType = sourcecode.swift; path = Image.swift; sourceTree = "<group>"; };
		95D9808C240F5BAE00E28373 /* SearchResultsTests.swift */ = {isa = PBXFileReference; lastKnownFileType = sourcecode.swift; path = SearchResultsTests.swift; sourceTree = "<group>"; };
		95D9808E240F5C5D00E28373 /* AlbumSearchResults.json */ = {isa = PBXFileReference; lastKnownFileType = text.json; path = AlbumSearchResults.json; sourceTree = "<group>"; };
		95D98090240F5C9D00E28373 /* Bundle+Testing.swift */ = {isa = PBXFileReference; lastKnownFileType = sourcecode.swift; path = "Bundle+Testing.swift"; sourceTree = "<group>"; };
		95DA3FD4240DA437006073BE /* Searchfm.app */ = {isa = PBXFileReference; explicitFileType = wrapper.application; includeInIndex = 0; path = Searchfm.app; sourceTree = BUILT_PRODUCTS_DIR; };
		95DA3FD7240DA437006073BE /* AppDelegate.swift */ = {isa = PBXFileReference; lastKnownFileType = sourcecode.swift; path = AppDelegate.swift; sourceTree = "<group>"; };
		95DA3FD9240DA437006073BE /* SceneDelegate.swift */ = {isa = PBXFileReference; lastKnownFileType = sourcecode.swift; path = SceneDelegate.swift; sourceTree = "<group>"; };
		95DA3FDD240DA43A006073BE /* Assets.xcassets */ = {isa = PBXFileReference; lastKnownFileType = folder.assetcatalog; path = Assets.xcassets; sourceTree = "<group>"; };
		95DA3FE0240DA43A006073BE /* Preview Assets.xcassets */ = {isa = PBXFileReference; lastKnownFileType = folder.assetcatalog; path = "Preview Assets.xcassets"; sourceTree = "<group>"; };
		95DA3FE3240DA43A006073BE /* Base */ = {isa = PBXFileReference; lastKnownFileType = file.storyboard; name = Base; path = Base.lproj/LaunchScreen.storyboard; sourceTree = "<group>"; };
		95DA3FE5240DA43A006073BE /* Info.plist */ = {isa = PBXFileReference; lastKnownFileType = text.plist.xml; path = Info.plist; sourceTree = "<group>"; };
		95DA3FEA240DA43A006073BE /* SearchfmTests.xctest */ = {isa = PBXFileReference; explicitFileType = wrapper.cfbundle; includeInIndex = 0; path = SearchfmTests.xctest; sourceTree = BUILT_PRODUCTS_DIR; };
		95DA3FF0240DA43A006073BE /* Info.plist */ = {isa = PBXFileReference; lastKnownFileType = text.plist.xml; path = Info.plist; sourceTree = "<group>"; };
		95DA3FF5240DA43A006073BE /* SearchfmUITests.xctest */ = {isa = PBXFileReference; explicitFileType = wrapper.cfbundle; includeInIndex = 0; path = SearchfmUITests.xctest; sourceTree = BUILT_PRODUCTS_DIR; };
		95DA3FF9240DA43A006073BE /* SearchfmUITests.swift */ = {isa = PBXFileReference; lastKnownFileType = sourcecode.swift; path = SearchfmUITests.swift; sourceTree = "<group>"; };
		95DA3FFB240DA43A006073BE /* Info.plist */ = {isa = PBXFileReference; lastKnownFileType = text.plist.xml; path = Info.plist; sourceTree = "<group>"; };
		95F6BF94240DB43500B7FCEF /* AlbumTests.swift */ = {isa = PBXFileReference; lastKnownFileType = sourcecode.swift; path = AlbumTests.swift; sourceTree = "<group>"; };
/* End PBXFileReference section */

/* Begin PBXFrameworksBuildPhase section */
		95DA3FD1240DA437006073BE /* Frameworks */ = {
			isa = PBXFrameworksBuildPhase;
			buildActionMask = 2147483647;
			files = (
				9503A4E4240E542A008AE9AB /* HTTPStatusCodes in Frameworks */,
			);
			runOnlyForDeploymentPostprocessing = 0;
		};
		95DA3FE7240DA43A006073BE /* Frameworks */ = {
			isa = PBXFrameworksBuildPhase;
			buildActionMask = 2147483647;
			files = (
			);
			runOnlyForDeploymentPostprocessing = 0;
		};
		95DA3FF2240DA43A006073BE /* Frameworks */ = {
			isa = PBXFrameworksBuildPhase;
			buildActionMask = 2147483647;
			files = (
			);
			runOnlyForDeploymentPostprocessing = 0;
		};
/* End PBXFrameworksBuildPhase section */

/* Begin PBXGroup section */
		9503A4DF240E52C1008AE9AB /* DataProvider */ = {
			isa = PBXGroup;
			children = (
				9503A4E0240E52D6008AE9AB /* DataProvider.swift */,
				95A73A73240FFBB2001BA738 /* HTTPDataProvider.swift */,
			);
			path = DataProvider;
			sourceTree = "<group>";
		};
		957703C4240DAF6E00DD25EF /* Models */ = {
			isa = PBXGroup;
			children = (
				957703C6240DB0D100DD25EF /* Album.swift */,
				95A73A57240F66EF001BA738 /* Artist.swift */,
				95A73A5C240F68D0001BA738 /* Track.swift */,
				95B61AFA240DB1F30031F222 /* Image.swift */,
				9503A4E5240E57A7008AE9AB /* SearchResults.swift */,
				95A73A5A240F677C001BA738 /* SearchType.swift */,
			);
			path = Models;
			sourceTree = "<group>";
		};
		957703C5240DAF7300DD25EF /* ViewControllers */ = {
			isa = PBXGroup;
			children = (
				95A73A69240FEA2F001BA738 /* SearchViewController.swift */,
				95A73A71240FF4EF001BA738 /* SearchViewModel.swift */,
			);
			path = ViewControllers;
			sourceTree = "<group>";
		};
		957703CA240DB18100DD25EF /* LastFM */ = {
			isa = PBXGroup;
			children = (
				957703C4240DAF6E00DD25EF /* Models */,
				9503A4DD240E52A6008AE9AB /* API.swift */,
				957703CB240DB19C00DD25EF /* Lastfm.swift */,
			);
			path = LastFM;
			sourceTree = "<group>";
		};
		95A73A54240F61BF001BA738 /* Extensions */ = {
			isa = PBXGroup;
			children = (
				95A73A55240F61F6001BA738 /* JSONDecoder+Parsing.swift */,
			);
			path = Extensions;
			sourceTree = "<group>";
		};
		95D98092240F5CA100E28373 /* Resources */ = {
			isa = PBXGroup;
			children = (
				95D9808E240F5C5D00E28373 /* AlbumSearchResults.json */,
			);
			path = Resources;
			sourceTree = "<group>";
		};
		95D98093240F5CA800E28373 /* Tests */ = {
			isa = PBXGroup;
			children = (
				95F6BF94240DB43500B7FCEF /* AlbumTests.swift */,
				95A73A60240F6D48001BA738 /* ArtistTests.swift */,
				95A73A62240F70DB001BA738 /* TrackTests.swift */,
				9503A4DB240E4FBE008AE9AB /* ImageTests.swift */,
				95D9808C240F5BAE00E28373 /* SearchResultsTests.swift */,
				95A73A5E240F6A88001BA738 /* SearchTypeTests.swift */,
			);
			path = Tests;
			sourceTree = "<group>";
		};
		95D98094240F5CB100E28373 /* Extensions */ = {
			isa = PBXGroup;
			children = (
				95D98090240F5C9D00E28373 /* Bundle+Testing.swift */,
			);
			path = Extensions;
			sourceTree = "<group>";
		};
		95DA3FCB240DA437006073BE = {
			isa = PBXGroup;
			children = (
				95DA3FD6240DA437006073BE /* Searchfm */,
				95DA3FED240DA43A006073BE /* SearchfmTests */,
				95DA3FF8240DA43A006073BE /* SearchfmUITests */,
				95DA3FD5240DA437006073BE /* Products */,
			);
			sourceTree = "<group>";
			usesTabs = 1;
		};
		95DA3FD5240DA437006073BE /* Products */ = {
			isa = PBXGroup;
			children = (
				95DA3FD4240DA437006073BE /* Searchfm.app */,
				95DA3FEA240DA43A006073BE /* SearchfmTests.xctest */,
				95DA3FF5240DA43A006073BE /* SearchfmUITests.xctest */,
			);
			name = Products;
			sourceTree = "<group>";
		};
		95DA3FD6240DA437006073BE /* Searchfm */ = {
			isa = PBXGroup;
			children = (
				9503A4DF240E52C1008AE9AB /* DataProvider */,
				957703CA240DB18100DD25EF /* LastFM */,
				95A73A54240F61BF001BA738 /* Extensions */,
				957703C5240DAF7300DD25EF /* ViewControllers */,
				95DA3FD7240DA437006073BE /* AppDelegate.swift */,
				95DA3FD9240DA437006073BE /* SceneDelegate.swift */,
				95DA3FE5240DA43A006073BE /* Info.plist */,
				95DA4007240DA7EB006073BE /* Resources */,
			);
			path = Searchfm;
			sourceTree = "<group>";
		};
		95DA3FDF240DA43A006073BE /* Preview Content */ = {
			isa = PBXGroup;
			children = (
				95DA3FE0240DA43A006073BE /* Preview Assets.xcassets */,
			);
			path = "Preview Content";
			sourceTree = "<group>";
		};
		95DA3FED240DA43A006073BE /* SearchfmTests */ = {
			isa = PBXGroup;
			children = (
				95D98093240F5CA800E28373 /* Tests */,
				95D98094240F5CB100E28373 /* Extensions */,
				95D98092240F5CA100E28373 /* Resources */,
				95DA3FF0240DA43A006073BE /* Info.plist */,
			);
			path = SearchfmTests;
			sourceTree = "<group>";
		};
		95DA3FF8240DA43A006073BE /* SearchfmUITests */ = {
			isa = PBXGroup;
			children = (
				95DA3FF9240DA43A006073BE /* SearchfmUITests.swift */,
				95DA3FFB240DA43A006073BE /* Info.plist */,
			);
			path = SearchfmUITests;
			sourceTree = "<group>";
		};
		95DA4007240DA7EB006073BE /* Resources */ = {
			isa = PBXGroup;
			children = (
				95DA3FDF240DA43A006073BE /* Preview Content */,
				95DA3FDD240DA43A006073BE /* Assets.xcassets */,
				95DA3FE2240DA43A006073BE /* LaunchScreen.storyboard */,
				95A73A6D240FEB5F001BA738 /* Main.storyboard */,
			);
			path = Resources;
			sourceTree = "<group>";
		};
/* End PBXGroup section */

/* Begin PBXNativeTarget section */
		95DA3FD3240DA437006073BE /* Searchfm */ = {
			isa = PBXNativeTarget;
			buildConfigurationList = 95DA3FFE240DA43A006073BE /* Build configuration list for PBXNativeTarget "Searchfm" */;
			buildPhases = (
				95DA3FD0240DA437006073BE /* Sources */,
				95DA3FD1240DA437006073BE /* Frameworks */,
				95DA3FD2240DA437006073BE /* Resources */,
			);
			buildRules = (
			);
			dependencies = (
			);
			name = Searchfm;
			packageProductDependencies = (
				9503A4E3240E542A008AE9AB /* HTTPStatusCodes */,
			);
			productName = Searchfm;
			productReference = 95DA3FD4240DA437006073BE /* Searchfm.app */;
			productType = "com.apple.product-type.application";
		};
		95DA3FE9240DA43A006073BE /* SearchfmTests */ = {
			isa = PBXNativeTarget;
			buildConfigurationList = 95DA4001240DA43A006073BE /* Build configuration list for PBXNativeTarget "SearchfmTests" */;
			buildPhases = (
				95DA3FE6240DA43A006073BE /* Sources */,
				95DA3FE7240DA43A006073BE /* Frameworks */,
				95DA3FE8240DA43A006073BE /* Resources */,
			);
			buildRules = (
			);
			dependencies = (
				95DA3FEC240DA43A006073BE /* PBXTargetDependency */,
			);
			name = SearchfmTests;
			productName = SearchfmTests;
			productReference = 95DA3FEA240DA43A006073BE /* SearchfmTests.xctest */;
			productType = "com.apple.product-type.bundle.unit-test";
		};
		95DA3FF4240DA43A006073BE /* SearchfmUITests */ = {
			isa = PBXNativeTarget;
			buildConfigurationList = 95DA4004240DA43A006073BE /* Build configuration list for PBXNativeTarget "SearchfmUITests" */;
			buildPhases = (
				95DA3FF1240DA43A006073BE /* Sources */,
				95DA3FF2240DA43A006073BE /* Frameworks */,
				95DA3FF3240DA43A006073BE /* Resources */,
			);
			buildRules = (
			);
			dependencies = (
				95DA3FF7240DA43A006073BE /* PBXTargetDependency */,
			);
			name = SearchfmUITests;
			productName = SearchfmUITests;
			productReference = 95DA3FF5240DA43A006073BE /* SearchfmUITests.xctest */;
			productType = "com.apple.product-type.bundle.ui-testing";
		};
/* End PBXNativeTarget section */

/* Begin PBXProject section */
		95DA3FCC240DA437006073BE /* Project object */ = {
			isa = PBXProject;
			attributes = {
				LastSwiftUpdateCheck = 1130;
				LastUpgradeCheck = 1130;
				ORGANIZATIONNAME = "Jader Feijo";
				TargetAttributes = {
					95DA3FD3240DA437006073BE = {
						CreatedOnToolsVersion = 11.3.1;
					};
					95DA3FE9240DA43A006073BE = {
						CreatedOnToolsVersion = 11.3.1;
						TestTargetID = 95DA3FD3240DA437006073BE;
					};
					95DA3FF4240DA43A006073BE = {
						CreatedOnToolsVersion = 11.3.1;
						TestTargetID = 95DA3FD3240DA437006073BE;
					};
				};
			};
			buildConfigurationList = 95DA3FCF240DA437006073BE /* Build configuration list for PBXProject "Searchfm" */;
			compatibilityVersion = "Xcode 9.3";
			developmentRegion = en;
			hasScannedForEncodings = 0;
			knownRegions = (
				en,
				Base,
			);
			mainGroup = 95DA3FCB240DA437006073BE;
			packageReferences = (
				9503A4E2240E542A008AE9AB /* XCRemoteSwiftPackageReference "SwiftHTTPStatusCodes" */,
			);
			productRefGroup = 95DA3FD5240DA437006073BE /* Products */;
			projectDirPath = "";
			projectRoot = "";
			targets = (
				95DA3FD3240DA437006073BE /* Searchfm */,
				95DA3FE9240DA43A006073BE /* SearchfmTests */,
				95DA3FF4240DA43A006073BE /* SearchfmUITests */,
			);
		};
/* End PBXProject section */

/* Begin PBXResourcesBuildPhase section */
		95DA3FD2240DA437006073BE /* Resources */ = {
			isa = PBXResourcesBuildPhase;
			buildActionMask = 2147483647;
			files = (
				95A73A6E240FEB5F001BA738 /* Main.storyboard in Resources */,
				95DA3FE4240DA43A006073BE /* LaunchScreen.storyboard in Resources */,
				95DA3FE1240DA43A006073BE /* Preview Assets.xcassets in Resources */,
				95DA3FDE240DA43A006073BE /* Assets.xcassets in Resources */,
			);
			runOnlyForDeploymentPostprocessing = 0;
		};
		95DA3FE8240DA43A006073BE /* Resources */ = {
			isa = PBXResourcesBuildPhase;
			buildActionMask = 2147483647;
			files = (
				95D9808F240F5C5D00E28373 /* AlbumSearchResults.json in Resources */,
			);
			runOnlyForDeploymentPostprocessing = 0;
		};
		95DA3FF3240DA43A006073BE /* Resources */ = {
			isa = PBXResourcesBuildPhase;
			buildActionMask = 2147483647;
			files = (
			);
			runOnlyForDeploymentPostprocessing = 0;
		};
/* End PBXResourcesBuildPhase section */

/* Begin PBXSourcesBuildPhase section */
		95DA3FD0240DA437006073BE /* Sources */ = {
			isa = PBXSourcesBuildPhase;
			buildActionMask = 2147483647;
			files = (
				95DA3FD8240DA437006073BE /* AppDelegate.swift in Sources */,
				9503A4E6240E57A7008AE9AB /* SearchResults.swift in Sources */,
				957703CC240DB19C00DD25EF /* Lastfm.swift in Sources */,
				95B61AFB240DB1F30031F222 /* Image.swift in Sources */,
				95A73A5D240F68D0001BA738 /* Track.swift in Sources */,
				95A73A58240F66EF001BA738 /* Artist.swift in Sources */,
				957703C7240DB0D100DD25EF /* Album.swift in Sources */,
				95A73A74240FFBB2001BA738 /* HTTPDataProvider.swift in Sources */,
				95DA3FDA240DA437006073BE /* SceneDelegate.swift in Sources */,
				95A73A72240FF4EF001BA738 /* SearchViewModel.swift in Sources */,
				95A73A6A240FEA2F001BA738 /* SearchViewController.swift in Sources */,
				95A73A56240F61F6001BA738 /* JSONDecoder+Parsing.swift in Sources */,
				9503A4E1240E52D6008AE9AB /* DataProvider.swift in Sources */,
				95A73A5B240F677C001BA738 /* SearchType.swift in Sources */,
				9503A4DE240E52A6008AE9AB /* API.swift in Sources */,
			);
			runOnlyForDeploymentPostprocessing = 0;
		};
		95DA3FE6240DA43A006073BE /* Sources */ = {
			isa = PBXSourcesBuildPhase;
			buildActionMask = 2147483647;
			files = (
				95F6BF95240DB43500B7FCEF /* AlbumTests.swift in Sources */,
				95A73A5F240F6A88001BA738 /* SearchTypeTests.swift in Sources */,
				95A73A61240F6D48001BA738 /* ArtistTests.swift in Sources */,
				95D9808D240F5BAE00E28373 /* SearchResultsTests.swift in Sources */,
				95D98091240F5C9D00E28373 /* Bundle+Testing.swift in Sources */,
				9503A4DC240E4FBE008AE9AB /* ImageTests.swift in Sources */,
				95A73A63240F70DB001BA738 /* TrackTests.swift in Sources */,
			);
			runOnlyForDeploymentPostprocessing = 0;
		};
		95DA3FF1240DA43A006073BE /* Sources */ = {
			isa = PBXSourcesBuildPhase;
			buildActionMask = 2147483647;
			files = (
				95DA3FFA240DA43A006073BE /* SearchfmUITests.swift in Sources */,
			);
			runOnlyForDeploymentPostprocessing = 0;
		};
/* End PBXSourcesBuildPhase section */

/* Begin PBXTargetDependency section */
		95DA3FEC240DA43A006073BE /* PBXTargetDependency */ = {
			isa = PBXTargetDependency;
			target = 95DA3FD3240DA437006073BE /* Searchfm */;
			targetProxy = 95DA3FEB240DA43A006073BE /* PBXContainerItemProxy */;
		};
		95DA3FF7240DA43A006073BE /* PBXTargetDependency */ = {
			isa = PBXTargetDependency;
			target = 95DA3FD3240DA437006073BE /* Searchfm */;
			targetProxy = 95DA3FF6240DA43A006073BE /* PBXContainerItemProxy */;
		};
/* End PBXTargetDependency section */

/* Begin PBXVariantGroup section */
		95DA3FE2240DA43A006073BE /* LaunchScreen.storyboard */ = {
			isa = PBXVariantGroup;
			children = (
				95DA3FE3240DA43A006073BE /* Base */,
			);
			name = LaunchScreen.storyboard;
			sourceTree = "<group>";
		};
/* End PBXVariantGroup section */

/* Begin XCBuildConfiguration section */
		95DA3FFC240DA43A006073BE /* Debug */ = {
			isa = XCBuildConfiguration;
			buildSettings = {
				ALWAYS_SEARCH_USER_PATHS = NO;
				CLANG_ANALYZER_NONNULL = YES;
				CLANG_ANALYZER_NUMBER_OBJECT_CONVERSION = YES_AGGRESSIVE;
				CLANG_CXX_LANGUAGE_STANDARD = "gnu++14";
				CLANG_CXX_LIBRARY = "libc++";
				CLANG_ENABLE_MODULES = YES;
				CLANG_ENABLE_OBJC_ARC = YES;
				CLANG_ENABLE_OBJC_WEAK = YES;
				CLANG_WARN_BLOCK_CAPTURE_AUTORELEASING = YES;
				CLANG_WARN_BOOL_CONVERSION = YES;
				CLANG_WARN_COMMA = YES;
				CLANG_WARN_CONSTANT_CONVERSION = YES;
				CLANG_WARN_DEPRECATED_OBJC_IMPLEMENTATIONS = YES;
				CLANG_WARN_DIRECT_OBJC_ISA_USAGE = YES_ERROR;
				CLANG_WARN_DOCUMENTATION_COMMENTS = YES;
				CLANG_WARN_EMPTY_BODY = YES;
				CLANG_WARN_ENUM_CONVERSION = YES;
				CLANG_WARN_INFINITE_RECURSION = YES;
				CLANG_WARN_INT_CONVERSION = YES;
				CLANG_WARN_NON_LITERAL_NULL_CONVERSION = YES;
				CLANG_WARN_OBJC_IMPLICIT_RETAIN_SELF = YES;
				CLANG_WARN_OBJC_LITERAL_CONVERSION = YES;
				CLANG_WARN_OBJC_ROOT_CLASS = YES_ERROR;
				CLANG_WARN_RANGE_LOOP_ANALYSIS = YES;
				CLANG_WARN_STRICT_PROTOTYPES = YES;
				CLANG_WARN_SUSPICIOUS_MOVE = YES;
				CLANG_WARN_UNGUARDED_AVAILABILITY = YES_AGGRESSIVE;
				CLANG_WARN_UNREACHABLE_CODE = YES;
				CLANG_WARN__DUPLICATE_METHOD_MATCH = YES;
				COPY_PHASE_STRIP = NO;
				DEBUG_INFORMATION_FORMAT = dwarf;
				ENABLE_STRICT_OBJC_MSGSEND = YES;
				ENABLE_TESTABILITY = YES;
				GCC_C_LANGUAGE_STANDARD = gnu11;
				GCC_DYNAMIC_NO_PIC = NO;
				GCC_NO_COMMON_BLOCKS = YES;
				GCC_OPTIMIZATION_LEVEL = 0;
				GCC_PREPROCESSOR_DEFINITIONS = (
					"DEBUG=1",
					"$(inherited)",
				);
				GCC_WARN_64_TO_32_BIT_CONVERSION = YES;
				GCC_WARN_ABOUT_RETURN_TYPE = YES_ERROR;
				GCC_WARN_UNDECLARED_SELECTOR = YES;
				GCC_WARN_UNINITIALIZED_AUTOS = YES_AGGRESSIVE;
				GCC_WARN_UNUSED_FUNCTION = YES;
				GCC_WARN_UNUSED_VARIABLE = YES;
				IPHONEOS_DEPLOYMENT_TARGET = 13.2;
				MTL_ENABLE_DEBUG_INFO = INCLUDE_SOURCE;
				MTL_FAST_MATH = YES;
				ONLY_ACTIVE_ARCH = YES;
				SDKROOT = iphoneos;
				SWIFT_ACTIVE_COMPILATION_CONDITIONS = DEBUG;
				SWIFT_OPTIMIZATION_LEVEL = "-Onone";
			};
			name = Debug;
		};
		95DA3FFD240DA43A006073BE /* Release */ = {
			isa = XCBuildConfiguration;
			buildSettings = {
				ALWAYS_SEARCH_USER_PATHS = NO;
				CLANG_ANALYZER_NONNULL = YES;
				CLANG_ANALYZER_NUMBER_OBJECT_CONVERSION = YES_AGGRESSIVE;
				CLANG_CXX_LANGUAGE_STANDARD = "gnu++14";
				CLANG_CXX_LIBRARY = "libc++";
				CLANG_ENABLE_MODULES = YES;
				CLANG_ENABLE_OBJC_ARC = YES;
				CLANG_ENABLE_OBJC_WEAK = YES;
				CLANG_WARN_BLOCK_CAPTURE_AUTORELEASING = YES;
				CLANG_WARN_BOOL_CONVERSION = YES;
				CLANG_WARN_COMMA = YES;
				CLANG_WARN_CONSTANT_CONVERSION = YES;
				CLANG_WARN_DEPRECATED_OBJC_IMPLEMENTATIONS = YES;
				CLANG_WARN_DIRECT_OBJC_ISA_USAGE = YES_ERROR;
				CLANG_WARN_DOCUMENTATION_COMMENTS = YES;
				CLANG_WARN_EMPTY_BODY = YES;
				CLANG_WARN_ENUM_CONVERSION = YES;
				CLANG_WARN_INFINITE_RECURSION = YES;
				CLANG_WARN_INT_CONVERSION = YES;
				CLANG_WARN_NON_LITERAL_NULL_CONVERSION = YES;
				CLANG_WARN_OBJC_IMPLICIT_RETAIN_SELF = YES;
				CLANG_WARN_OBJC_LITERAL_CONVERSION = YES;
				CLANG_WARN_OBJC_ROOT_CLASS = YES_ERROR;
				CLANG_WARN_RANGE_LOOP_ANALYSIS = YES;
				CLANG_WARN_STRICT_PROTOTYPES = YES;
				CLANG_WARN_SUSPICIOUS_MOVE = YES;
				CLANG_WARN_UNGUARDED_AVAILABILITY = YES_AGGRESSIVE;
				CLANG_WARN_UNREACHABLE_CODE = YES;
				CLANG_WARN__DUPLICATE_METHOD_MATCH = YES;
				COPY_PHASE_STRIP = NO;
				DEBUG_INFORMATION_FORMAT = "dwarf-with-dsym";
				ENABLE_NS_ASSERTIONS = NO;
				ENABLE_STRICT_OBJC_MSGSEND = YES;
				GCC_C_LANGUAGE_STANDARD = gnu11;
				GCC_NO_COMMON_BLOCKS = YES;
				GCC_WARN_64_TO_32_BIT_CONVERSION = YES;
				GCC_WARN_ABOUT_RETURN_TYPE = YES_ERROR;
				GCC_WARN_UNDECLARED_SELECTOR = YES;
				GCC_WARN_UNINITIALIZED_AUTOS = YES_AGGRESSIVE;
				GCC_WARN_UNUSED_FUNCTION = YES;
				GCC_WARN_UNUSED_VARIABLE = YES;
				IPHONEOS_DEPLOYMENT_TARGET = 13.2;
				MTL_ENABLE_DEBUG_INFO = NO;
				MTL_FAST_MATH = YES;
				SDKROOT = iphoneos;
				SWIFT_COMPILATION_MODE = wholemodule;
				SWIFT_OPTIMIZATION_LEVEL = "-O";
				VALIDATE_PRODUCT = YES;
			};
			name = Release;
		};
		95DA3FFF240DA43A006073BE /* Debug */ = {
			isa = XCBuildConfiguration;
			buildSettings = {
				ASSETCATALOG_COMPILER_APPICON_NAME = AppIcon;
				CODE_SIGN_STYLE = Automatic;
				DEVELOPMENT_ASSET_PATHS = "\"Searchfm/Resources/Preview Content\"";
				DEVELOPMENT_TEAM = A5MCCQXEVU;
				ENABLE_PREVIEWS = YES;
				INFOPLIST_FILE = Searchfm/Info.plist;
				LD_RUNPATH_SEARCH_PATHS = (
					"$(inherited)",
					"@executable_path/Frameworks",
				);
				PRODUCT_BUNDLE_IDENTIFIER = uk.co.softmagic.Searchfm;
				PRODUCT_NAME = "$(TARGET_NAME)";
				SWIFT_VERSION = 5.0;
				TARGETED_DEVICE_FAMILY = "1,2";
			};
			name = Debug;
		};
		95DA4000240DA43A006073BE /* Release */ = {
			isa = XCBuildConfiguration;
			buildSettings = {
				ASSETCATALOG_COMPILER_APPICON_NAME = AppIcon;
				CODE_SIGN_STYLE = Automatic;
				DEVELOPMENT_ASSET_PATHS = "\"Searchfm/Resources/Preview Content\"";
				DEVELOPMENT_TEAM = A5MCCQXEVU;
				ENABLE_PREVIEWS = YES;
				INFOPLIST_FILE = Searchfm/Info.plist;
				LD_RUNPATH_SEARCH_PATHS = (
					"$(inherited)",
					"@executable_path/Frameworks",
				);
				PRODUCT_BUNDLE_IDENTIFIER = uk.co.softmagic.Searchfm;
				PRODUCT_NAME = "$(TARGET_NAME)";
				SWIFT_VERSION = 5.0;
				TARGETED_DEVICE_FAMILY = "1,2";
			};
			name = Release;
		};
		95DA4002240DA43A006073BE /* Debug */ = {
			isa = XCBuildConfiguration;
			buildSettings = {
				ALWAYS_EMBED_SWIFT_STANDARD_LIBRARIES = YES;
				BUNDLE_LOADER = "$(TEST_HOST)";
				CODE_SIGN_STYLE = Automatic;
				INFOPLIST_FILE = SearchfmTests/Info.plist;
				IPHONEOS_DEPLOYMENT_TARGET = 13.2;
				LD_RUNPATH_SEARCH_PATHS = (
					"$(inherited)",
					"@executable_path/Frameworks",
					"@loader_path/Frameworks",
				);
				PRODUCT_BUNDLE_IDENTIFIER = uk.co.softmagic.SearchfmTests;
				PRODUCT_NAME = "$(TARGET_NAME)";
				SWIFT_VERSION = 5.0;
				TARGETED_DEVICE_FAMILY = "1,2";
				TEST_HOST = "$(BUILT_PRODUCTS_DIR)/Searchfm.app/Searchfm";
			};
			name = Debug;
		};
		95DA4003240DA43A006073BE /* Release */ = {
			isa = XCBuildConfiguration;
			buildSettings = {
				ALWAYS_EMBED_SWIFT_STANDARD_LIBRARIES = YES;
				BUNDLE_LOADER = "$(TEST_HOST)";
				CODE_SIGN_STYLE = Automatic;
				INFOPLIST_FILE = SearchfmTests/Info.plist;
				IPHONEOS_DEPLOYMENT_TARGET = 13.2;
				LD_RUNPATH_SEARCH_PATHS = (
					"$(inherited)",
					"@executable_path/Frameworks",
					"@loader_path/Frameworks",
				);
				PRODUCT_BUNDLE_IDENTIFIER = uk.co.softmagic.SearchfmTests;
				PRODUCT_NAME = "$(TARGET_NAME)";
				SWIFT_VERSION = 5.0;
				TARGETED_DEVICE_FAMILY = "1,2";
				TEST_HOST = "$(BUILT_PRODUCTS_DIR)/Searchfm.app/Searchfm";
			};
			name = Release;
		};
		95DA4005240DA43A006073BE /* Debug */ = {
			isa = XCBuildConfiguration;
			buildSettings = {
				ALWAYS_EMBED_SWIFT_STANDARD_LIBRARIES = YES;
				CODE_SIGN_STYLE = Automatic;
				INFOPLIST_FILE = SearchfmUITests/Info.plist;
				LD_RUNPATH_SEARCH_PATHS = (
					"$(inherited)",
					"@executable_path/Frameworks",
					"@loader_path/Frameworks",
				);
				PRODUCT_BUNDLE_IDENTIFIER = uk.co.softmagic.SearchfmUITests;
				PRODUCT_NAME = "$(TARGET_NAME)";
				SWIFT_VERSION = 5.0;
				TARGETED_DEVICE_FAMILY = "1,2";
				TEST_TARGET_NAME = Searchfm;
			};
			name = Debug;
		};
		95DA4006240DA43A006073BE /* Release */ = {
			isa = XCBuildConfiguration;
			buildSettings = {
				ALWAYS_EMBED_SWIFT_STANDARD_LIBRARIES = YES;
				CODE_SIGN_STYLE = Automatic;
				INFOPLIST_FILE = SearchfmUITests/Info.plist;
				LD_RUNPATH_SEARCH_PATHS = (
					"$(inherited)",
					"@executable_path/Frameworks",
					"@loader_path/Frameworks",
				);
				PRODUCT_BUNDLE_IDENTIFIER = uk.co.softmagic.SearchfmUITests;
				PRODUCT_NAME = "$(TARGET_NAME)";
				SWIFT_VERSION = 5.0;
				TARGETED_DEVICE_FAMILY = "1,2";
				TEST_TARGET_NAME = Searchfm;
			};
			name = Release;
		};
/* End XCBuildConfiguration section */

/* Begin XCConfigurationList section */
		95DA3FCF240DA437006073BE /* Build configuration list for PBXProject "Searchfm" */ = {
			isa = XCConfigurationList;
			buildConfigurations = (
				95DA3FFC240DA43A006073BE /* Debug */,
				95DA3FFD240DA43A006073BE /* Release */,
			);
			defaultConfigurationIsVisible = 0;
			defaultConfigurationName = Release;
		};
		95DA3FFE240DA43A006073BE /* Build configuration list for PBXNativeTarget "Searchfm" */ = {
			isa = XCConfigurationList;
			buildConfigurations = (
				95DA3FFF240DA43A006073BE /* Debug */,
				95DA4000240DA43A006073BE /* Release */,
			);
			defaultConfigurationIsVisible = 0;
			defaultConfigurationName = Release;
		};
		95DA4001240DA43A006073BE /* Build configuration list for PBXNativeTarget "SearchfmTests" */ = {
			isa = XCConfigurationList;
			buildConfigurations = (
				95DA4002240DA43A006073BE /* Debug */,
				95DA4003240DA43A006073BE /* Release */,
			);
			defaultConfigurationIsVisible = 0;
			defaultConfigurationName = Release;
		};
		95DA4004240DA43A006073BE /* Build configuration list for PBXNativeTarget "SearchfmUITests" */ = {
			isa = XCConfigurationList;
			buildConfigurations = (
				95DA4005240DA43A006073BE /* Debug */,
				95DA4006240DA43A006073BE /* Release */,
			);
			defaultConfigurationIsVisible = 0;
			defaultConfigurationName = Release;
		};
/* End XCConfigurationList section */

/* Begin XCRemoteSwiftPackageReference section */
		9503A4E2240E542A008AE9AB /* XCRemoteSwiftPackageReference "SwiftHTTPStatusCodes" */ = {
			isa = XCRemoteSwiftPackageReference;
			repositoryURL = "https://github.com/rhodgkins/SwiftHTTPStatusCodes.git";
			requirement = {
				kind = upToNextMajorVersion;
				minimumVersion = 3.3.2;
			};
		};
/* End XCRemoteSwiftPackageReference section */

/* Begin XCSwiftPackageProductDependency section */
		9503A4E3240E542A008AE9AB /* HTTPStatusCodes */ = {
			isa = XCSwiftPackageProductDependency;
			package = 9503A4E2240E542A008AE9AB /* XCRemoteSwiftPackageReference "SwiftHTTPStatusCodes" */;
			productName = HTTPStatusCodes;
		};
/* End XCSwiftPackageProductDependency section */
	};
	rootObject = 95DA3FCC240DA437006073BE /* Project object */;
}
